{
  "lockfile_version": "1",
  "packages": {
    "duckdb@1.4.3": {
      "last_modified": "2026-01-02T14:39:32Z",
      "resolved": "github:NixOS/nixpkgs/16c7794d0a28b5a37904d55bcca36003b9109aaa#duckdb",
      "source": "devbox-search",
      "version": "1.4.3",
      "systems": {
        "aarch64-darwin": {
          "outputs": [
            {
              "name": "out",
              "path": "/nix/store/6xk7kii6v48b2n1045vhy63frr8bhmlc-duckdb-1.4.3",
              "default": true
            },
            {
              "name": "lib",
              "path": "/nix/store/kk5f06bw7cx88f68xlj5ljglfdjf97j3-duckdb-1.4.3-lib"
            },
            {
              "name": "dev",
              "path": "/nix/store/9kqcky8w74s82063j1izi593az22vxvf-duckdb-1.4.3-dev"
            }
          ],
          "store_path": "/nix/store/6xk7kii6v48b2n1045vhy63frr8bhmlc-duckdb-1.4.3"
        },
        "aarch64-linux": {
          "outputs": [
            {
              "name": "out",
              "path": "/nix/store/4xab9sl421hn4rapajlxlcraajnjvjp1-duckdb-1.4.3",
              "default": true
            },
            {
              "name": "dev",
              "path": "/nix/store/3v8bdhz01br132y76zawgnw37af63bb1-duckdb-1.4.3-dev"
            },
            {
              "name": "lib",
              "path": "/nix/store/qa6pr7qryjxk5cklpn0vzfsx2rizxq29-duckdb-1.4.3-lib"
            }
          ],
          "store_path": "/nix/store/4xab9sl421hn4rapajlxlcraajnjvjp1-duckdb-1.4.3"
        },
        "x86_64-darwin": {
          "outputs": [
            {
              "name": "out",
              "path": "/nix/store/538w79rn9adzff0045m96yc1mxw9wvjy-duckdb-1.4.3",
              "default": true
            },
            {
              "name": "dev",
              "path": "/nix/store/n9dmqbsj3gk9scws4q622gs26ldg2i3z-duckdb-1.4.3-dev"
            },
            {
              "name": "lib",
              "path": "/nix/store/z4a8fxk9kcish54j0kdn8rxbx7yhi2pp-duckdb-1.4.3-lib"
            }
          ],
          "store_path": "/nix/store/538w79rn9adzff0045m96yc1mxw9wvjy-duckdb-1.4.3"
        },
        "x86_64-linux": {
          "outputs": [
            {
              "name": "out",
              "path": "/nix/store/h877n4xpa1wjjlf9sgy17mp91vq48xxg-duckdb-1.4.3",
              "default": true
            },
            {
              "name": "dev",
              "path": "/nix/store/6ama5di05mv2mcyzk2kwshw3d73wbxx3-duckdb-1.4.3-dev"
            },
            {
              "name": "lib",
              "path": "/nix/store/rpnjk1fwhfv392babs865h0w8pfrbiyh-duckdb-1.4.3-lib"
            }
          ],
          "store_path": "/nix/store/h877n4xpa1wjjlf9sgy17mp91vq48xxg-duckdb-1.4.3"
        }
      }
    },
    "github:NixOS/nixpkgs/nixpkgs-unstable": {
      "last_modified": "2026-01-09T13:41:53Z",
      "resolved": "github:NixOS/nixpkgs/5f02c91314c8ba4afe83b256b023756412218535?lastModified=1767966113&narHash=sha256-mSTsvXa4WveSRJexsmCbm9dY17B1fKp7NLpJxllpQw4%3D"
    },
    "pgcli@4.4.0": {
      "last_modified": "2026-01-13T11:13:53Z",
      "resolved": "github:NixOS/nixpkgs/61db79b0c6b838d9894923920b612048e1201926#pgcli",
      "source": "devbox-search",
      "version": "4.4.0",
      "systems": {
        "aarch64-darwin": {
          "outputs": [
            {
              "name": "out",
              "path": "/nix/store/17kxk8qmv4b85m7zdrnr2nbxdd1xgzgz-python3.13-pgcli-4.4.0",
              "default": true
            },
            {
              "name": "dist",
              "path": "/nix/store/xkj7l6j4r9133ycmjx533jqc8c6fq0ki-python3.13-pgcli-4.4.0-dist"
            }
          ],
          "store_path": "/nix/store/17kxk8qmv4b85m7zdrnr2nbxdd1xgzgz-python3.13-pgcli-4.4.0"
        },
        "aarch64-linux": {
          "outputs": [
            {
              "name": "out",
              "path": "/nix/store/2bvxwcdy7ydjg5qm3xn6bb66siikdls5-python3.13-pgcli-4.4.0",
              "default": true
            },
            {
              "name": "dist",
              "path": "/nix/store/gpw62pl8wd5555l0yfg71ws9c6xdcdq1-python3.13-pgcli-4.4.0-dist"
            }
          ],
          "store_path": "/nix/store/2bvxwcdy7ydjg5qm3xn6bb66siikdls5-python3.13-pgcli-4.4.0"
        },
        "x86_64-darwin": {
          "outputs": [
            {
              "name": "out",
              "path": "/nix/store/2a9sz3i12ynnfrh8pgxsqrbmkw1cnl0z-python3.13-pgcli-4.4.0",
              "default": true
            },
            {
              "name": "dist",
              "path": "/nix/store/zm9li6qwp2h476ip0rjk77rwzcq6j3si-python3.13-pgcli-4.4.0-dist"
            }
          ],
          "store_path": "/nix/store/2a9sz3i12ynnfrh8pgxsqrbmkw1cnl0z-python3.13-pgcli-4.4.0"
        },
        "x86_64-linux": {
          "outputs": [
            {
              "name": "out",
              "path": "/nix/store/adrhgiasxs7qfm91p5lxlyy5n54rjlsv-python3.13-pgcli-4.4.0",
              "default": true
            },
            {
              "name": "dist",
              "path": "/nix/store/cjgqz0cjj3cf6y0pzsniqh19x0033f6w-python3.13-pgcli-4.4.0-dist"
            }
          ],
          "store_path": "/nix/store/adrhgiasxs7qfm91p5lxlyy5n54rjlsv-python3.13-pgcli-4.4.0"
        }
      }
    },
    "sqlite@3.51.2": {
      "last_modified": "2026-01-30T02:32:49Z",
      "resolved": "github:NixOS/nixpkgs/6308c3b21396534d8aaeac46179c14c439a89b8a#sqlite",
      "source": "devbox-search",
      "version": "3.51.2",
      "systems": {
        "aarch64-darwin": {
          "outputs": [
            {
              "name": "bin",
              "path": "/nix/store/25h87i04f812ydbmkx2fsbfk3h6ahvkq-sqlite-3.51.2-bin",
              "default": true
            },
            {
              "name": "man",
              "path": "/nix/store/ga13w56hr55angkn8sd7d42j04hb44ly-sqlite-3.51.2-man",
              "default": true
            },
            {
              "name": "dev",
              "path": "/nix/store/bd2pljz7hw0iygf9rxgqq28p4i6snl12-sqlite-3.51.2-dev"
            },
            {
              "name": "doc",
              "path": "/nix/store/kxa6w751kzbjxmp1f4kqkycn8p0790pp-sqlite-3.51.2-doc"
            },
            {
              "name": "out",
              "path": "/nix/store/dzj2h6c2kb3hizbk2w5r45kjk57mxxkh-sqlite-3.51.2"
            }
          ],
          "store_path": "/nix/store/25h87i04f812ydbmkx2fsbfk3h6ahvkq-sqlite-3.51.2-bin"
        },
        "aarch64-linux": {
          "outputs": [
            {
              "name": "bin",
              "path": "/nix/store/1bi4xrs6jbpqwaykj4w0slfpfb0253vs-sqlite-3.51.2-bin",
              "default": true
            },
            {
              "name": "man",
              "path": "/nix/store/7bsd9hcr21w4mshkxcp9h7zddkc1ss3c-sqlite-3.51.2-man",
              "default": true
            },
            {
              "name": "debug",
              "path": "/nix/store/ndrjv00qqj6cpb61mr6p1crd7hpkspxc-sqlite-3.51.2-debug"
            },
            {
              "name": "dev",
              "path": "/nix/store/dx1imkvdvkr03im68b57ma9plwbgyav3-sqlite-3.51.2-dev"
            },
            {
              "name": "doc",
              "path": "/nix/store/99mz6yhf35z64vfz0fmz10kd6105b5sr-sqlite-3.51.2-doc"
            },
            {
              "name": "out",
              "path": "/nix/store/mcwq5pax85mbpic10kzl03h0j6wqdr50-sqlite-3.51.2"
            }
          ],
          "store_path": "/nix/store/1bi4xrs6jbpqwaykj4w0slfpfb0253vs-sqlite-3.51.2-bin"
        },
        "x86_64-darwin": {
          "outputs": [
            {
              "name": "bin",
              "path": "/nix/store/kq48w155fqa4zryz8gxllfjhjwqfx2lj-sqlite-3.51.2-bin",
              "default": true
            },
            {
              "name": "man",
              "path": "/nix/store/2pcbkvyq1v51imf3m36yjsmq6nsa45ya-sqlite-3.51.2-man",
              "default": true
            },
            {
              "name": "out",
              "path": "/nix/store/s2yjnam2n2chcflj2b4ihp231l3v32iz-sqlite-3.51.2"
            },
            {
              "name": "dev",
              "path": "/nix/store/j5j0nsdspwxbdbkz9aphphilg2js9ay9-sqlite-3.51.2-dev"
            },
            {
              "name": "doc",
              "path": "/nix/store/flxpy3hknw99hpvks972qb7a5bjb4qc3-sqlite-3.51.2-doc"
            }
          ],
          "store_path": "/nix/store/kq48w155fqa4zryz8gxllfjhjwqfx2lj-sqlite-3.51.2-bin"
        },
        "x86_64-linux": {
          "outputs": [
            {
              "name": "bin",
              "path": "/nix/store/ryc68h6m05msqkf2wqm306cwrvx2fqr2-sqlite-3.51.2-bin",
              "default": true
            },
            {
              "name": "man",
              "path": "/nix/store/3lg4rpp0ygbzfan62jn6smmyy6k2mhsf-sqlite-3.51.2-man",
              "default": true
            },
            {
              "name": "dev",
              "path": "/nix/store/6k6dpcdv1bxcipcgdbi89g9fxws0vhvc-sqlite-3.51.2-dev"
            },
            {
              "name": "doc",
              "path": "/nix/store/nhy8izfz9fp3i1dsg5vq8f2cx0p02kkl-sqlite-3.51.2-doc"
            },
            {
              "name": "out",
              "path": "/nix/store/bn7m7qn8k7b27jy5lkq3bg4vcxnyjpq0-sqlite-3.51.2"
            },
            {
              "name": "debug",
              "path": "/nix/store/p99lmc4ss85q9gnr4dq3w30jm8c0yql6-sqlite-3.51.2-debug"
            }
          ],
          "store_path": "/nix/store/ryc68h6m05msqkf2wqm306cwrvx2fqr2-sqlite-3.51.2-bin"
        }
      }
    },
    "usql@0.20.8": {
      "last_modified": "2026-01-16T13:18:18Z",
      "resolved": "github:NixOS/nixpkgs/be5afa0fcb31f0a96bf9ecba05a516c66fcd8114#usql",
      "source": "devbox-search",
      "version": "0.20.8",
      "systems": {
        "aarch64-darwin": {
          "outputs": [
            {
              "name": "out",
              "path": "/nix/store/a2by9z1589qz6s0g2ayj07dkbp1l21h1-usql-0.20.8",
              "default": true
            }
          ],
          "store_path": "/nix/store/a2by9z1589qz6s0g2ayj07dkbp1l21h1-usql-0.20.8"
        },
        "aarch64-linux": {
          "outputs": [
            {
              "name": "out",
              "path": "/nix/store/c64gdnx93wkxkvby6nsx9qqspv5ggqsv-usql-0.20.8",
              "default": true
            }
          ],
          "store_path": "/nix/store/c64gdnx93wkxkvby6nsx9qqspv5ggqsv-usql-0.20.8"
        },
        "x86_64-darwin": {
          "outputs": [
            {
              "name": "out",
              "path": "/nix/store/q3rfr31b6ah1qww4dxqrk4hprgb1gmx6-usql-0.20.8",
              "default": true
            }
          ],
          "store_path": "/nix/store/q3rfr31b6ah1qww4dxqrk4hprgb1gmx6-usql-0.20.8"
        },
        "x86_64-linux": {
          "outputs": [
            {
              "name": "out",
              "path": "/nix/store/4m04nb7sh6kgwxgjzbyzg9k78ffg6zag-usql-0.20.8",
              "default": true
            }
          ],
          "store_path": "/nix/store/4m04nb7sh6kgwxgjzbyzg9k78ffg6zag-usql-0.20.8"
        }
      }
    }
  }
}
