{
  "lockfile_version": "1",
  "packages": {
    "binutils@2.44": {
      "last_modified": "2025-12-31T03:27:36Z",
      "resolved": "github:NixOS/nixpkgs/f665af0cdb70ed27e1bd8f9fdfecaf451260fc55#binutils",
      "source": "devbox-search",
      "version": "2.44",
      "systems": {
        "aarch64-darwin": {
          "outputs": [
            {
              "name": "out",
              "path": "/nix/store/9ghqwj1xb5pvjs17c8cwnfs20a31y98p-binutils-wrapper-2.44",
              "default": true
            },
            {
              "name": "man",
              "path": "/nix/store/dam5ykcbhm9sn3x3wifnlsp83rj9j0l5-binutils-wrapper-2.44-man",
              "default": true
            },
            {
              "name": "info",
              "path": "/nix/store/z30vrx7krj2ca573njnhy2406909vdz3-binutils-wrapper-2.44-info"
            }
          ],
          "store_path": "/nix/store/9ghqwj1xb5pvjs17c8cwnfs20a31y98p-binutils-wrapper-2.44"
        },
        "aarch64-linux": {
          "outputs": [
            {
              "name": "out",
              "path": "/nix/store/2lhdrjxy65h7fl184q4751lgqzhqrsa2-binutils-wrapper-2.44",
              "default": true
            },
            {
              "name": "man",
              "path": "/nix/store/f6qb3075zpdgiww4sz3hpvvqzs4ywk9i-binutils-wrapper-2.44-man",
              "default": true
            },
            {
              "name": "info",
              "path": "/nix/store/rak1fvvxjsz81181krvbvymgff7nax6q-binutils-wrapper-2.44-info"
            }
          ],
          "store_path": "/nix/store/2lhdrjxy65h7fl184q4751lgqzhqrsa2-binutils-wrapper-2.44"
        },
        "x86_64-darwin": {
          "outputs": [
            {
              "name": "out",
              "path": "/nix/store/10sxj3c0hsh1xh4abnaybxvz8zhpgjig-binutils-wrapper-2.44",
              "default": true
            },
            {
              "name": "man",
              "path": "/nix/store/nvqam3h1fphgf2zhwc1l891vca0xs6sl-binutils-wrapper-2.44-man",
              "default": true
            },
            {
              "name": "info",
              "path": "/nix/store/2jwv06a2k813salmjsbnfn9b3i0ya7q7-binutils-wrapper-2.44-info"
            }
          ],
          "store_path": "/nix/store/10sxj3c0hsh1xh4abnaybxvz8zhpgjig-binutils-wrapper-2.44"
        },
        "x86_64-linux": {
          "outputs": [
            {
              "name": "out",
              "path": "/nix/store/dwiyp91lmxq864plaas14jm14m87sg3f-binutils-wrapper-2.44",
              "default": true
            },
            {
              "name": "man",
              "path": "/nix/store/fd98hmsdhwb19s9q61r86dxvdf9bn05g-binutils-wrapper-2.44-man",
              "default": true
            },
            {
              "name": "info",
              "path": "/nix/store/k481dd1fsw53vmf4sf6mnnd2vni5a545-binutils-wrapper-2.44-info"
            }
          ],
          "store_path": "/nix/store/dwiyp91lmxq864plaas14jm14m87sg3f-binutils-wrapper-2.44"
        }
      }
    },
    "cargo@1.92.0": {
      "last_modified": "2026-01-23T17:20:52Z",
      "resolved": "github:NixOS/nixpkgs/a1bab9e494f5f4939442a57a58d0449a109593fe#cargo",
      "source": "devbox-search",
      "version": "1.92.0",
      "systems": {
        "aarch64-darwin": {
          "outputs": [
            {
              "name": "out",
              "path": "/nix/store/v4bvnkm0p5x41fhybskr0cf2zvkgyrvv-cargo-1.92.0",
              "default": true
            }
          ],
          "store_path": "/nix/store/v4bvnkm0p5x41fhybskr0cf2zvkgyrvv-cargo-1.92.0"
        },
        "aarch64-linux": {
          "outputs": [
            {
              "name": "out",
              "path": "/nix/store/piiqs6x2m8gv0n3z3pys8scn0y673piy-cargo-1.92.0",
              "default": true
            }
          ],
          "store_path": "/nix/store/piiqs6x2m8gv0n3z3pys8scn0y673piy-cargo-1.92.0"
        },
        "x86_64-darwin": {
          "outputs": [
            {
              "name": "out",
              "path": "/nix/store/wf6279pgydd1nny4s5nx1msian6dbf9p-cargo-1.92.0",
              "default": true
            }
          ],
          "store_path": "/nix/store/wf6279pgydd1nny4s5nx1msian6dbf9p-cargo-1.92.0"
        },
        "x86_64-linux": {
          "outputs": [
            {
              "name": "out",
              "path": "/nix/store/yqcsaywfvcyy9wmbzb5fawp29icgi7cb-cargo-1.92.0",
              "default": true
            }
          ],
          "store_path": "/nix/store/yqcsaywfvcyy9wmbzb5fawp29icgi7cb-cargo-1.92.0"
        }
      }
    },
    "clang@21.1.8": {
      "last_modified": "2026-01-23T17:20:52Z",
      "resolved": "github:NixOS/nixpkgs/a1bab9e494f5f4939442a57a58d0449a109593fe#clang",
      "source": "devbox-search",
      "version": "21.1.8",
      "systems": {
        "aarch64-darwin": {
          "outputs": [
            {
              "name": "out",
              "path": "/nix/store/z0dmrxbgqi98f7n8ljza91y5qazdyhcp-clang-wrapper-21.1.8",
              "default": true
            }
          ],
          "store_path": "/nix/store/z0dmrxbgqi98f7n8ljza91y5qazdyhcp-clang-wrapper-21.1.8"
        },
        "aarch64-linux": {
          "outputs": [
            {
              "name": "out",
              "path": "/nix/store/mv9708qsdkv1wn7r2l9naj0gashvgjr2-clang-wrapper-21.1.8",
              "default": true
            }
          ],
          "store_path": "/nix/store/mv9708qsdkv1wn7r2l9naj0gashvgjr2-clang-wrapper-21.1.8"
        },
        "x86_64-darwin": {
          "outputs": [
            {
              "name": "out",
              "path": "/nix/store/2g5sj60rd069ibv300i35yn5l4x967rm-clang-wrapper-21.1.8",
              "default": true
            }
          ],
          "store_path": "/nix/store/2g5sj60rd069ibv300i35yn5l4x967rm-clang-wrapper-21.1.8"
        },
        "x86_64-linux": {
          "outputs": [
            {
              "name": "out",
              "path": "/nix/store/6n5r46icm0bl55s9p5z2zgcv93m39r5l-clang-wrapper-21.1.8",
              "default": true
            }
          ],
          "store_path": "/nix/store/6n5r46icm0bl55s9p5z2zgcv93m39r5l-clang-wrapper-21.1.8"
        }
      }
    },
    "clippy@1.92.0": {
      "last_modified": "2026-01-23T17:20:52Z",
      "resolved": "github:NixOS/nixpkgs/a1bab9e494f5f4939442a57a58d0449a109593fe#clippy",
      "source": "devbox-search",
      "version": "1.92.0",
      "systems": {
        "aarch64-darwin": {
          "outputs": [
            {
              "name": "out",
              "path": "/nix/store/phhksxd0vv7ml9imsr0lwiqvvmiaz23p-clippy-1.92.0",
              "default": true
            }
          ],
          "store_path": "/nix/store/phhksxd0vv7ml9imsr0lwiqvvmiaz23p-clippy-1.92.0"
        },
        "aarch64-linux": {
          "outputs": [
            {
              "name": "out",
              "path": "/nix/store/1iqky89dxzj12yy9dsbyrarknswx6iyj-clippy-1.92.0",
              "default": true
            },
            {
              "name": "debug",
              "path": "/nix/store/anj7w4nnbw9cvsrsq85vnwqlw8miss5n-clippy-1.92.0-debug"
            }
          ],
          "store_path": "/nix/store/1iqky89dxzj12yy9dsbyrarknswx6iyj-clippy-1.92.0"
        },
        "x86_64-darwin": {
          "outputs": [
            {
              "name": "out",
              "path": "/nix/store/34yqzpcjb1cms86lij7wkszcjxdivx6f-clippy-1.92.0",
              "default": true
            }
          ],
          "store_path": "/nix/store/34yqzpcjb1cms86lij7wkszcjxdivx6f-clippy-1.92.0"
        },
        "x86_64-linux": {
          "outputs": [
            {
              "name": "out",
              "path": "/nix/store/zmrbcbd77w6nylgwyagnxh87all5swjf-clippy-1.92.0",
              "default": true
            },
            {
              "name": "debug",
              "path": "/nix/store/yvamzvy4r4ml91sl0fap3jvp12wgwflx-clippy-1.92.0-debug"
            }
          ],
          "store_path": "/nix/store/zmrbcbd77w6nylgwyagnxh87all5swjf-clippy-1.92.0"
        }
      }
    },
    "github:NixOS/nixpkgs/nixpkgs-unstable": {
      "last_modified": "2025-12-26T11:10:58Z",
      "resolved": "github:NixOS/nixpkgs/c633f572eded8c4f3c75b8010129854ed404a6ce?lastModified=1766747458&narHash=sha256-m63jjuo%2Fygo8ztkCziYh5OOIbTSXUDkKbqw3Vuqu4a4%3D"
    },
    "lld@21.1.8": {
      "last_modified": "2026-02-06T12:24:04Z",
      "resolved": "github:NixOS/nixpkgs/ae67888ff7ef9dff69b3cf0cc0fbfbcd3a722abe#lld",
      "source": "devbox-search",
      "version": "21.1.8",
      "systems": {
        "aarch64-darwin": {
          "outputs": [
            {
              "name": "out",
              "path": "/nix/store/l9b9w9r2r7aqr6ys70jc3cfcy0rhmbhr-lld-21.1.8",
              "default": true
            },
            {
              "name": "dev",
              "path": "/nix/store/8js8p18vkrn5rsdr7fcji8glk0n6dbnh-lld-21.1.8-dev"
            },
            {
              "name": "lib",
              "path": "/nix/store/6dsapw856hf82f11jvic9vzm03vkmyzb-lld-21.1.8-lib"
            }
          ],
          "store_path": "/nix/store/l9b9w9r2r7aqr6ys70jc3cfcy0rhmbhr-lld-21.1.8"
        },
        "aarch64-linux": {
          "outputs": [
            {
              "name": "out",
              "path": "/nix/store/nsvmp2kl64m9rh9ck42v305dap8d4ls7-lld-21.1.8",
              "default": true
            },
            {
              "name": "lib",
              "path": "/nix/store/jya9yxcfrprmfbhzyb9pzczd3mnhbf7c-lld-21.1.8-lib"
            },
            {
              "name": "dev",
              "path": "/nix/store/3c84d43hd946aarpyw33amwnixxa0z4s-lld-21.1.8-dev"
            }
          ],
          "store_path": "/nix/store/nsvmp2kl64m9rh9ck42v305dap8d4ls7-lld-21.1.8"
        },
        "x86_64-darwin": {
          "outputs": [
            {
              "name": "out",
              "path": "/nix/store/j7adgj6b85mqp4d5ibjs1sd2qj0laanp-lld-21.1.8",
              "default": true
            },
            {
              "name": "dev",
              "path": "/nix/store/b3c5z28cxw5p12ihsia1cm7zziq4q7wl-lld-21.1.8-dev"
            },
            {
              "name": "lib",
              "path": "/nix/store/scvdfy3ixjgcrl9v7nd34j08f70vww0v-lld-21.1.8-lib"
            }
          ],
          "store_path": "/nix/store/j7adgj6b85mqp4d5ibjs1sd2qj0laanp-lld-21.1.8"
        },
        "x86_64-linux": {
          "outputs": [
            {
              "name": "out",
              "path": "/nix/store/v5m0dk1p2j3l2db765padzbw0w6qwsdc-lld-21.1.8",
              "default": true
            },
            {
              "name": "dev",
              "path": "/nix/store/nq2x32dq5annd6nhbbmm2ca7kdr3wk1v-lld-21.1.8-dev"
            },
            {
              "name": "lib",
              "path": "/nix/store/bf887gdpc8lm6v3b4hka7bf3f030lm5a-lld-21.1.8-lib"
            }
          ],
          "store_path": "/nix/store/v5m0dk1p2j3l2db765padzbw0w6qwsdc-lld-21.1.8"
        }
      }
    },
    "rust-analyzer@2025-12-15": {
      "last_modified": "2025-12-18T02:44:17Z",
      "resolved": "github:NixOS/nixpkgs/def3da69945bbe338c373fddad5a1bb49cf199ce#rust-analyzer",
      "source": "devbox-search",
      "version": "2025-12-15",
      "systems": {
        "aarch64-darwin": {
          "outputs": [
            {
              "name": "out",
              "path": "/nix/store/jf1lwwrac8n9x9n4r237bw3za817gmsh-rust-analyzer-2025-12-15",
              "default": true
            }
          ],
          "store_path": "/nix/store/jf1lwwrac8n9x9n4r237bw3za817gmsh-rust-analyzer-2025-12-15"
        },
        "aarch64-linux": {
          "outputs": [
            {
              "name": "out",
              "path": "/nix/store/p01l542camvd7gw8b5am8qxxkvv6xfvn-rust-analyzer-2025-12-15",
              "default": true
            }
          ],
          "store_path": "/nix/store/p01l542camvd7gw8b5am8qxxkvv6xfvn-rust-analyzer-2025-12-15"
        },
        "x86_64-darwin": {
          "outputs": [
            {
              "name": "out",
              "path": "/nix/store/hpdc95ycclpj2qyjhajbfh5ikfj5qhyd-rust-analyzer-2025-12-15",
              "default": true
            }
          ],
          "store_path": "/nix/store/hpdc95ycclpj2qyjhajbfh5ikfj5qhyd-rust-analyzer-2025-12-15"
        },
        "x86_64-linux": {
          "outputs": [
            {
              "name": "out",
              "path": "/nix/store/p01drvm8hyln0drryav1ksypfmgv28rz-rust-analyzer-2025-12-15",
              "default": true
            }
          ],
          "store_path": "/nix/store/p01drvm8hyln0drryav1ksypfmgv28rz-rust-analyzer-2025-12-15"
        }
      }
    },
    "rustc@1.92.0": {
      "last_modified": "2026-01-23T17:20:52Z",
      "plugin_version": "0.0.1",
      "resolved": "github:NixOS/nixpkgs/a1bab9e494f5f4939442a57a58d0449a109593fe#rustc",
      "source": "devbox-search",
      "version": "1.92.0",
      "systems": {
        "aarch64-darwin": {
          "outputs": [
            {
              "name": "out",
              "path": "/nix/store/ymskl36napcfgl6wjz1xdjn0jd25inrv-rustc-wrapper-1.92.0",
              "default": true
            },
            {
              "name": "man",
              "path": "/nix/store/ch54xfkz0dlqvhbinzlbkva2898nvihl-rustc-wrapper-1.92.0-man",
              "default": true
            },
            {
              "name": "doc",
              "path": "/nix/store/09yhz82jqxwbmn4dbjy7p9hrvbr4g0mn-rustc-wrapper-1.92.0-doc"
            }
          ],
          "store_path": "/nix/store/ymskl36napcfgl6wjz1xdjn0jd25inrv-rustc-wrapper-1.92.0"
        },
        "aarch64-linux": {
          "outputs": [
            {
              "name": "out",
              "path": "/nix/store/qnvqgfiqh8s08cqp452665l2b60a811h-rustc-wrapper-1.92.0",
              "default": true
            },
            {
              "name": "man",
              "path": "/nix/store/5ggpm5m3wkxj05si2id4b6sq4alf90qg-rustc-wrapper-1.92.0-man",
              "default": true
            },
            {
              "name": "doc",
              "path": "/nix/store/camfpqmi94ssc1p8vkygp2s621ykq80m-rustc-wrapper-1.92.0-doc"
            }
          ],
          "store_path": "/nix/store/qnvqgfiqh8s08cqp452665l2b60a811h-rustc-wrapper-1.92.0"
        },
        "x86_64-darwin": {
          "outputs": [
            {
              "name": "out",
              "path": "/nix/store/zkcwgmgli06nsh0v8yv82gnh5whgcdyl-rustc-wrapper-1.92.0",
              "default": true
            },
            {
              "name": "man",
              "path": "/nix/store/2k3fdy9xjwkx06rlfwfn449w442vgk0i-rustc-wrapper-1.92.0-man",
              "default": true
            },
            {
              "name": "doc",
              "path": "/nix/store/7271gqq93bbxrqb9rw3hf5b5x6wdm2cn-rustc-wrapper-1.92.0-doc"
            }
          ],
          "store_path": "/nix/store/zkcwgmgli06nsh0v8yv82gnh5whgcdyl-rustc-wrapper-1.92.0"
        },
        "x86_64-linux": {
          "outputs": [
            {
              "name": "out",
              "path": "/nix/store/qvpg842zrjkywv7sqgw2h05spdyzcj86-rustc-wrapper-1.92.0",
              "default": true
            },
            {
              "name": "man",
              "path": "/nix/store/n1d4093lcx7ljgks1j352fbrf5w551v9-rustc-wrapper-1.92.0-man",
              "default": true
            },
            {
              "name": "doc",
              "path": "/nix/store/425gvb2xnhkwb1izjr97wpwdwndwi516-rustc-wrapper-1.92.0-doc"
            }
          ],
          "store_path": "/nix/store/qvpg842zrjkywv7sqgw2h05spdyzcj86-rustc-wrapper-1.92.0"
        }
      }
    },
    "rustfmt@1.92.0": {
      "last_modified": "2026-01-23T17:20:52Z",
      "resolved": "github:NixOS/nixpkgs/a1bab9e494f5f4939442a57a58d0449a109593fe#rustfmt",
      "source": "devbox-search",
      "version": "1.92.0",
      "systems": {
        "aarch64-darwin": {
          "outputs": [
            {
              "name": "out",
              "path": "/nix/store/max1hp93q51kfj074lw6lg8w9m5nmh10-rustfmt-1.92.0",
              "default": true
            }
          ],
          "store_path": "/nix/store/max1hp93q51kfj074lw6lg8w9m5nmh10-rustfmt-1.92.0"
        },
        "aarch64-linux": {
          "outputs": [
            {
              "name": "out",
              "path": "/nix/store/vq6cxhd7iv2g444imys9wkmwqz3ffqbc-rustfmt-1.92.0",
              "default": true
            }
          ],
          "store_path": "/nix/store/vq6cxhd7iv2g444imys9wkmwqz3ffqbc-rustfmt-1.92.0"
        },
        "x86_64-darwin": {
          "outputs": [
            {
              "name": "out",
              "path": "/nix/store/dnjwscz1r33dkmikx3ms58qmhr60db9i-rustfmt-1.92.0",
              "default": true
            }
          ],
          "store_path": "/nix/store/dnjwscz1r33dkmikx3ms58qmhr60db9i-rustfmt-1.92.0"
        },
        "x86_64-linux": {
          "outputs": [
            {
              "name": "out",
              "path": "/nix/store/gl4y2v4lwiyllh85z712w8ajydia053l-rustfmt-1.92.0",
              "default": true
            }
          ],
          "store_path": "/nix/store/gl4y2v4lwiyllh85z712w8ajydia053l-rustfmt-1.92.0"
        }
      }
    }
  }
}
