{
  "lockfile_version": "1",
  "packages": {
    "github:NixOS/nixpkgs/nixpkgs-unstable": {
      "last_modified": "2025-12-26T11:10:58Z",
      "resolved": "github:NixOS/nixpkgs/c633f572eded8c4f3c75b8010129854ed404a6ce?lastModified=1766747458&narHash=sha256-m63jjuo%2Fygo8ztkCziYh5OOIbTSXUDkKbqw3Vuqu4a4%3D"
    },
    "python313Packages.pip@25.0.1": {
      "last_modified": "2025-11-23T21:50:36Z",
      "resolved": "github:NixOS/nixpkgs/ee09932cedcef15aaf476f9343d1dea2cb77e261#python313Packages.pip",
      "source": "devbox-search",
      "version": "25.0.1",
      "systems": {
        "aarch64-darwin": {
          "outputs": [
            {
              "name": "out",
              "path": "/nix/store/mrzr287djclm6qbgcsq3gnslrz1xq9gk-python3.13-pip-25.0.1",
              "default": true
            },
            {
              "name": "man",
              "path": "/nix/store/z869269snssh427n3d4ymdbgv6z2s98m-python3.13-pip-25.0.1-man",
              "default": true
            },
            {
              "name": "dist",
              "path": "/nix/store/1iacclxznnylaldv1r8bbf79l5w6fbzl-python3.13-pip-25.0.1-dist"
            }
          ],
          "store_path": "/nix/store/mrzr287djclm6qbgcsq3gnslrz1xq9gk-python3.13-pip-25.0.1"
        },
        "aarch64-linux": {
          "outputs": [
            {
              "name": "out",
              "path": "/nix/store/vvll99x1khg8v8biyckj3xwb1ca4ppvn-python3.13-pip-25.0.1",
              "default": true
            },
            {
              "name": "man",
              "path": "/nix/store/m6wzxsnzm3ip6zgmm9cdbpbklz4acgp1-python3.13-pip-25.0.1-man",
              "default": true
            },
            {
              "name": "dist",
              "path": "/nix/store/whzw332j5np5034pk6jv441bb11cqw3z-python3.13-pip-25.0.1-dist"
            }
          ],
          "store_path": "/nix/store/vvll99x1khg8v8biyckj3xwb1ca4ppvn-python3.13-pip-25.0.1"
        },
        "x86_64-darwin": {
          "outputs": [
            {
              "name": "out",
              "path": "/nix/store/qqqsqw0iwdmxn45lr4dk00wh699ny6py-python3.13-pip-25.0.1",
              "default": true
            },
            {
              "name": "man",
              "path": "/nix/store/qmis4qangig7vrbn4idpmlz5pcjf77l1-python3.13-pip-25.0.1-man",
              "default": true
            },
            {
              "name": "dist",
              "path": "/nix/store/nzs1j69si6pmj10hqrnv86s6p6n3wqad-python3.13-pip-25.0.1-dist"
            }
          ],
          "store_path": "/nix/store/qqqsqw0iwdmxn45lr4dk00wh699ny6py-python3.13-pip-25.0.1"
        },
        "x86_64-linux": {
          "outputs": [
            {
              "name": "out",
              "path": "/nix/store/6k8ghavfzfpcgs6angp98gy71xh2mrip-python3.13-pip-25.0.1",
              "default": true
            },
            {
              "name": "man",
              "path": "/nix/store/pm073whyjzrvh7sgjydf72j99ffm10wb-python3.13-pip-25.0.1-man",
              "default": true
            },
            {
              "name": "dist",
              "path": "/nix/store/6yc20w1yzz150ma4vgcagb3p8kg4ck7c-python3.13-pip-25.0.1-dist"
            }
          ],
          "store_path": "/nix/store/6k8ghavfzfpcgs6angp98gy71xh2mrip-python3.13-pip-25.0.1"
        }
      }
    },
    "python313Packages.pipx@1.8.0": {
      "last_modified": "2025-11-23T21:50:36Z",
      "resolved": "github:NixOS/nixpkgs/ee09932cedcef15aaf476f9343d1dea2cb77e261#python313Packages.pipx",
      "source": "devbox-search",
      "version": "1.8.0",
      "systems": {
        "aarch64-darwin": {
          "outputs": [
            {
              "name": "out",
              "path": "/nix/store/10fsrznlfl0gjfbbmxrn0m77f01k2yvd-python3.13-pipx-1.8.0",
              "default": true
            },
            {
              "name": "dist",
              "path": "/nix/store/6j7r98dw67mlwiqkpjwvlr0jkpdz1x9f-python3.13-pipx-1.8.0-dist"
            }
          ],
          "store_path": "/nix/store/10fsrznlfl0gjfbbmxrn0m77f01k2yvd-python3.13-pipx-1.8.0"
        },
        "aarch64-linux": {
          "outputs": [
            {
              "name": "out",
              "path": "/nix/store/304dh7h7gf961f48vv9mqliyq921bkc3-python3.13-pipx-1.8.0",
              "default": true
            },
            {
              "name": "dist",
              "path": "/nix/store/3pzhqa0sz7s4v50w28p6s8pgph8jivxk-python3.13-pipx-1.8.0-dist"
            }
          ],
          "store_path": "/nix/store/304dh7h7gf961f48vv9mqliyq921bkc3-python3.13-pipx-1.8.0"
        },
        "x86_64-darwin": {
          "outputs": [
            {
              "name": "out",
              "path": "/nix/store/sdgi8dqhaqzmsqmh11j8wn68pwn7cvjj-python3.13-pipx-1.8.0",
              "default": true
            },
            {
              "name": "dist",
              "path": "/nix/store/wpd320mp69jmdz7965rzf0fmwff0zlv3-python3.13-pipx-1.8.0-dist"
            }
          ],
          "store_path": "/nix/store/sdgi8dqhaqzmsqmh11j8wn68pwn7cvjj-python3.13-pipx-1.8.0"
        },
        "x86_64-linux": {
          "outputs": [
            {
              "name": "out",
              "path": "/nix/store/7sdghblld968di5rysir0ykipg4lwh5g-python3.13-pipx-1.8.0",
              "default": true
            },
            {
              "name": "dist",
              "path": "/nix/store/wl0mm6vh5b97vh6f0805nxl0vapf8bz4-python3.13-pipx-1.8.0-dist"
            }
          ],
          "store_path": "/nix/store/7sdghblld968di5rysir0ykipg4lwh5g-python3.13-pipx-1.8.0"
        }
      }
    },
    "python313Packages.wheel@0.46.1": {
      "last_modified": "2025-11-23T21:50:36Z",
      "resolved": "github:NixOS/nixpkgs/ee09932cedcef15aaf476f9343d1dea2cb77e261#python313Packages.wheel",
      "source": "devbox-search",
      "version": "0.46.1",
      "systems": {
        "aarch64-darwin": {
          "outputs": [
            {
              "name": "out",
              "path": "/nix/store/nsgn1c87n1r56nrdkaj4cr2akha2314v-python3.13-wheel-0.46.1",
              "default": true
            },
            {
              "name": "dist",
              "path": "/nix/store/mw6589rw106w6n1xvfhcgncv7akdkfq7-python3.13-wheel-0.46.1-dist"
            }
          ],
          "store_path": "/nix/store/nsgn1c87n1r56nrdkaj4cr2akha2314v-python3.13-wheel-0.46.1"
        },
        "aarch64-linux": {
          "outputs": [
            {
              "name": "out",
              "path": "/nix/store/ivz552qz0c0svq32k290pk6n9d0gqahm-python3.13-wheel-0.46.1",
              "default": true
            },
            {
              "name": "dist",
              "path": "/nix/store/z2i4z8ww6kmqq906shh6i98rvb4jv38i-python3.13-wheel-0.46.1-dist"
            }
          ],
          "store_path": "/nix/store/ivz552qz0c0svq32k290pk6n9d0gqahm-python3.13-wheel-0.46.1"
        },
        "x86_64-darwin": {
          "outputs": [
            {
              "name": "out",
              "path": "/nix/store/zg5v6s0j0a5nd8cz8925kjyxpygjbg51-python3.13-wheel-0.46.1",
              "default": true
            },
            {
              "name": "dist",
              "path": "/nix/store/rvhi4frghjsqr1jx70xpzf4gx399lpcp-python3.13-wheel-0.46.1-dist"
            }
          ],
          "store_path": "/nix/store/zg5v6s0j0a5nd8cz8925kjyxpygjbg51-python3.13-wheel-0.46.1"
        },
        "x86_64-linux": {
          "outputs": [
            {
              "name": "out",
              "path": "/nix/store/q31b5sadj7gv79w3nkfwddjbjq4z9xqi-python3.13-wheel-0.46.1",
              "default": true
            },
            {
              "name": "dist",
              "path": "/nix/store/60jfr6wg7rjam0a0l4xc8xgh9k07fyz6-python3.13-wheel-0.46.1-dist"
            }
          ],
          "store_path": "/nix/store/q31b5sadj7gv79w3nkfwddjbjq4z9xqi-python3.13-wheel-0.46.1"
        }
      }
    },
    "python@3.13.0": {
      "last_modified": "2024-12-03T12:40:06Z",
      "plugin_version": "0.0.4",
      "resolved": "github:NixOS/nixpkgs/566e53c2ad750c84f6d31f9ccb9d00f823165550#python313",
      "source": "devbox-search",
      "version": "3.13.0",
      "systems": {
        "aarch64-darwin": {
          "outputs": [
            {
              "name": "out",
              "path": "/nix/store/g1mrirrzb2phk42kap8qgmzwdq5m8jfv-python3-3.13.0",
              "default": true
            }
          ],
          "store_path": "/nix/store/g1mrirrzb2phk42kap8qgmzwdq5m8jfv-python3-3.13.0"
        },
        "aarch64-linux": {
          "outputs": [
            {
              "name": "out",
              "path": "/nix/store/gq24ij0fi1b1mkhck21w8y9pkrs9vczw-python3-3.13.0",
              "default": true
            },
            {
              "name": "debug",
              "path": "/nix/store/4ww975xwnpw0m654li0pykmlk8vd02b0-python3-3.13.0-debug"
            }
          ],
          "store_path": "/nix/store/gq24ij0fi1b1mkhck21w8y9pkrs9vczw-python3-3.13.0"
        },
        "x86_64-darwin": {
          "outputs": [
            {
              "name": "out",
              "path": "/nix/store/fm40qlqn8hp33hjf6qypsjpa6k4caa9d-python3-3.13.0",
              "default": true
            }
          ],
          "store_path": "/nix/store/fm40qlqn8hp33hjf6qypsjpa6k4caa9d-python3-3.13.0"
        },
        "x86_64-linux": {
          "outputs": [
            {
              "name": "out",
              "path": "/nix/store/xmhm9hwfp3c5zfzbdm6dv20y9wx7yvwd-python3-3.13.0",
              "default": true
            },
            {
              "name": "debug",
              "path": "/nix/store/gzcmd5ym36p1pbq5i4z2g80vfc942q5m-python3-3.13.0-debug"
            }
          ],
          "store_path": "/nix/store/xmhm9hwfp3c5zfzbdm6dv20y9wx7yvwd-python3-3.13.0"
        }
      }
    },
    "ruff@0.14.13": {
      "last_modified": "2026-01-19T00:39:23Z",
      "resolved": "github:NixOS/nixpkgs/bde09022887110deb780067364a0818e89258968#ruff",
      "source": "devbox-search",
      "version": "0.14.13",
      "systems": {
        "aarch64-darwin": {
          "outputs": [
            {
              "name": "out",
              "path": "/nix/store/0r0r4rnsd31mlr6w920raarxi9nf8bhx-ruff-0.14.13",
              "default": true
            }
          ],
          "store_path": "/nix/store/0r0r4rnsd31mlr6w920raarxi9nf8bhx-ruff-0.14.13"
        },
        "aarch64-linux": {
          "outputs": [
            {
              "name": "out",
              "path": "/nix/store/i1pnnkjc3y7s188py7bv0mzng7jp9m0x-ruff-0.14.13",
              "default": true
            }
          ],
          "store_path": "/nix/store/i1pnnkjc3y7s188py7bv0mzng7jp9m0x-ruff-0.14.13"
        },
        "x86_64-darwin": {
          "outputs": [
            {
              "name": "out",
              "path": "/nix/store/a75081zbl16csg8g2z1vaqm7r05lpr06-ruff-0.14.13",
              "default": true
            }
          ],
          "store_path": "/nix/store/a75081zbl16csg8g2z1vaqm7r05lpr06-ruff-0.14.13"
        },
        "x86_64-linux": {
          "outputs": [
            {
              "name": "out",
              "path": "/nix/store/vbbcmiigbh66m0ax2lgzshn7xz5hj6ah-ruff-0.14.13",
              "default": true
            }
          ],
          "store_path": "/nix/store/vbbcmiigbh66m0ax2lgzshn7xz5hj6ah-ruff-0.14.13"
        }
      }
    },
    "uv@0.9.26": {
      "last_modified": "2026-01-19T00:39:23Z",
      "resolved": "github:NixOS/nixpkgs/bde09022887110deb780067364a0818e89258968#uv",
      "source": "devbox-search",
      "version": "0.9.26",
      "systems": {
        "aarch64-darwin": {
          "outputs": [
            {
              "name": "out",
              "path": "/nix/store/991jgkc1kpg7w14l8bmc20yyp7hnwamd-uv-0.9.26",
              "default": true
            }
          ],
          "store_path": "/nix/store/991jgkc1kpg7w14l8bmc20yyp7hnwamd-uv-0.9.26"
        },
        "aarch64-linux": {
          "outputs": [
            {
              "name": "out",
              "path": "/nix/store/y35q55agb16ydq6496s01mqmjwrgqgk6-uv-0.9.26",
              "default": true
            }
          ],
          "store_path": "/nix/store/y35q55agb16ydq6496s01mqmjwrgqgk6-uv-0.9.26"
        },
        "x86_64-darwin": {
          "outputs": [
            {
              "name": "out",
              "path": "/nix/store/d4i7k54k1sk7f6wnsq31700j6mfch39q-uv-0.9.26",
              "default": true
            }
          ],
          "store_path": "/nix/store/d4i7k54k1sk7f6wnsq31700j6mfch39q-uv-0.9.26"
        },
        "x86_64-linux": {
          "outputs": [
            {
              "name": "out",
              "path": "/nix/store/arj23552j8w9k5wqhbs1gn2m4pd7skbm-uv-0.9.26",
              "default": true
            }
          ],
          "store_path": "/nix/store/arj23552j8w9k5wqhbs1gn2m4pd7skbm-uv-0.9.26"
        }
      }
    }
  }
}
